
Microsoft Visual Studio Solution File, Format Version 12.00
# Visual Studio Version 17
VisualStudioVersion = 17.5.33502.453
MinimumVisualStudioVersion = 10.0.40219.1
Project("{FAE04EC0-301F-11D3-BF4B-00C04F79EFBC}") = "net-ef-videogame", "net-ef-videogame.csproj", "{11F49B1D-BCBA-4397-876E-3153FB62553A}"
EndProject
Global
	GlobalSection(SolutionConfigurationPlatforms) = preSolution
		Debug|Any CPU = Debug|Any CPU
		Release|Any CPU = Release|Any CPU
	EndGlobalSection
	GlobalSection(ProjectConfigurationPlatforms) = postSolution
		{11F49B1D-BCBA-4397-876E-3153FB62553A}.Debug|Any CPU.ActiveCfg = Debug|Any CPU
		{11F49B1D-BCBA-4397-876E-3153FB62553A}.Debug|Any CPU.Build.0 = Debug|Any CPU
		{11F49B1D-BCBA-4397-876E-3153FB62553A}.Release|Any CPU.ActiveCfg = Release|Any CPU
		{11F49B1D-BCBA-4397-876E-3153FB62553A}.Release|Any CPU.Build.0 = Release|Any CPU
	EndGlobalSection
	GlobalSection(SolutionProperties) = preSolution
		HideSolutionNode = FALSE
	EndGlobalSection
	GlobalSection(ExtensibilityGlobals) = postSolution
		SolutionGuid = {C09137DD-EEC8-4953-B9F8-9EA0A466D70C}
	EndGlobalSection
EndGlobal
